
Microsoft Visual Studio Solution File, Format Version 12.00
# Visual Studio Version 17
VisualStudioVersion = 17.6.33829.357
MinimumVisualStudioVersion = 10.0.40219.1
Project("{2150E333-8FDC-42A3-9474-1A3956D46DE8}") = "Creational", "Creational", "{58AD26CB-239C-4269-A6DA-C4241E1F606B}"
EndProject
Project("{9A19103F-16F7-4668-BE54-9A1E7A4F7556}") = "Singleton", "Singleton\Singleton.csproj", "{FD4C1213-F9AD-4CB7-B0DE-77241AE830C8}"
EndProject
Project("{FAE04EC0-301F-11D3-BF4B-00C04F79EFBC}") = "Flyweight", "Flyweight\Flyweight.csproj", "{89C8045B-BB56-4F3E-8D88-12726587D04E}"
EndProject
Project("{FAE04EC0-301F-11D3-BF4B-00C04F79EFBC}") = "AbstractFactory", "AbstractFactory\AbstractFactory.csproj", "{3371E671-ABDF-47F0-BA26-6E49FDC5ECC1}"
EndProject
Project("{FAE04EC0-301F-11D3-BF4B-00C04F79EFBC}") = "Builder", "Builder\Builder.csproj", "{21C3983F-FE83-4710-BB8F-21237277A429}"
EndProject
Project("{2150E333-8FDC-42A3-9474-1A3956D46DE8}") = "Structural", "Structural", "{158C9CFC-F882-4026-BE4D-F56AEC0267B9}"
EndProject
Project("{FAE04EC0-301F-11D3-BF4B-00C04F79EFBC}") = "Adapter", "Adapter\Adapter.csproj", "{57FF6936-4ED2-4FE3-A6A7-5FBB08054128}"
EndProject
Project("{FAE04EC0-301F-11D3-BF4B-00C04F79EFBC}") = "Decorator", "Decorator\Decorator.csproj", "{20F64A61-81C0-42F4-973C-93C49402BAB7}"
EndProject
Project("{FAE04EC0-301F-11D3-BF4B-00C04F79EFBC}") = "Composite", "Composite\Composite.csproj", "{B9311779-58CC-4A4C-B9F1-555D7872E5CE}"
EndProject
Project("{FAE04EC0-301F-11D3-BF4B-00C04F79EFBC}") = "Facade", "Facade\Facade.csproj", "{6234A587-D56A-4E49-8ED4-76E734544EBA}"
EndProject
Project("{2150E333-8FDC-42A3-9474-1A3956D46DE8}") = "Behavioral", "Behavioral", "{01D64BA7-5680-4780-903B-18C44BFFBE41}"
EndProject
Project("{FAE04EC0-301F-11D3-BF4B-00C04F79EFBC}") = "Observer", "Observer\Observer.csproj", "{65F9CBEC-0709-43E6-A794-D967B62F8B44}"
EndProject
Project("{FAE04EC0-301F-11D3-BF4B-00C04F79EFBC}") = "Iterator", "Iterator\Iterator.csproj", "{00B9FABD-7329-4C31-AB8A-B72B57A200C6}"
EndProject
Project("{FAE04EC0-301F-11D3-BF4B-00C04F79EFBC}") = "Strategy", "Strategy\Strategy.csproj", "{48CB765C-E651-49E8-9C4E-0AD333488DFF}"
EndProject
Project("{FAE04EC0-301F-11D3-BF4B-00C04F79EFBC}") = "Visitor", "Visitor\Visitor.csproj", "{7A309ABB-B5A5-4F3B-894E-662BB28AE9EA}"
EndProject
Project("{2150E333-8FDC-42A3-9474-1A3956D46DE8}") = "Solution Items", "Solution Items", "{8EC462FD-D22E-90A8-E5CE-7E832BA40C5D}"
	ProjectSection(SolutionItems) = preProject
		Directory.Build.props = Directory.Build.props
	EndProjectSection
EndProject
Global
	GlobalSection(SolutionConfigurationPlatforms) = preSolution
		Debug|Any CPU = Debug|Any CPU
		Release|Any CPU = Release|Any CPU
	EndGlobalSection
	GlobalSection(ProjectConfigurationPlatforms) = postSolution
		{FD4C1213-F9AD-4CB7-B0DE-77241AE830C8}.Debug|Any CPU.ActiveCfg = Debug|Any CPU
		{FD4C1213-F9AD-4CB7-B0DE-77241AE830C8}.Debug|Any CPU.Build.0 = Debug|Any CPU
		{FD4C1213-F9AD-4CB7-B0DE-77241AE830C8}.Release|Any CPU.ActiveCfg = Release|Any CPU
		{FD4C1213-F9AD-4CB7-B0DE-77241AE830C8}.Release|Any CPU.Build.0 = Release|Any CPU
		{89C8045B-BB56-4F3E-8D88-12726587D04E}.Debug|Any CPU.ActiveCfg = Debug|Any CPU
		{89C8045B-BB56-4F3E-8D88-12726587D04E}.Debug|Any CPU.Build.0 = Debug|Any CPU
		{89C8045B-BB56-4F3E-8D88-12726587D04E}.Release|Any CPU.ActiveCfg = Release|Any CPU
		{89C8045B-BB56-4F3E-8D88-12726587D04E}.Release|Any CPU.Build.0 = Release|Any CPU
		{3371E671-ABDF-47F0-BA26-6E49FDC5ECC1}.Debug|Any CPU.ActiveCfg = Debug|Any CPU
		{3371E671-ABDF-47F0-BA26-6E49FDC5ECC1}.Debug|Any CPU.Build.0 = Debug|Any CPU
		{3371E671-ABDF-47F0-BA26-6E49FDC5ECC1}.Release|Any CPU.ActiveCfg = Release|Any CPU
		{3371E671-ABDF-47F0-BA26-6E49FDC5ECC1}.Release|Any CPU.Build.0 = Release|Any CPU
		{21C3983F-FE83-4710-BB8F-21237277A429}.Debug|Any CPU.ActiveCfg = Debug|Any CPU
		{21C3983F-FE83-4710-BB8F-21237277A429}.Debug|Any CPU.Build.0 = Debug|Any CPU
		{21C3983F-FE83-4710-BB8F-21237277A429}.Release|Any CPU.ActiveCfg = Release|Any CPU
		{21C3983F-FE83-4710-BB8F-21237277A429}.Release|Any CPU.Build.0 = Release|Any CPU
		{57FF6936-4ED2-4FE3-A6A7-5FBB08054128}.Debug|Any CPU.ActiveCfg = Debug|Any CPU
		{57FF6936-4ED2-4FE3-A6A7-5FBB08054128}.Debug|Any CPU.Build.0 = Debug|Any CPU
		{57FF6936-4ED2-4FE3-A6A7-5FBB08054128}.Release|Any CPU.ActiveCfg = Release|Any CPU
		{57FF6936-4ED2-4FE3-A6A7-5FBB08054128}.Release|Any CPU.Build.0 = Release|Any CPU
		{20F64A61-81C0-42F4-973C-93C49402BAB7}.Debug|Any CPU.ActiveCfg = Debug|Any CPU
		{20F64A61-81C0-42F4-973C-93C49402BAB7}.Debug|Any CPU.Build.0 = Debug|Any CPU
		{20F64A61-81C0-42F4-973C-93C49402BAB7}.Release|Any CPU.ActiveCfg = Release|Any CPU
		{20F64A61-81C0-42F4-973C-93C49402BAB7}.Release|Any CPU.Build.0 = Release|Any CPU
		{B9311779-58CC-4A4C-B9F1-555D7872E5CE}.Debug|Any CPU.ActiveCfg = Debug|Any CPU
		{B9311779-58CC-4A4C-B9F1-555D7872E5CE}.Debug|Any CPU.Build.0 = Debug|Any CPU
		{B9311779-58CC-4A4C-B9F1-555D7872E5CE}.Release|Any CPU.ActiveCfg = Release|Any CPU
		{B9311779-58CC-4A4C-B9F1-555D7872E5CE}.Release|Any CPU.Build.0 = Release|Any CPU
		{6234A587-D56A-4E49-8ED4-76E734544EBA}.Debug|Any CPU.ActiveCfg = Debug|Any CPU
		{6234A587-D56A-4E49-8ED4-76E734544EBA}.Debug|Any CPU.Build.0 = Debug|Any CPU
		{6234A587-D56A-4E49-8ED4-76E734544EBA}.Release|Any CPU.ActiveCfg = Release|Any CPU
		{6234A587-D56A-4E49-8ED4-76E734544EBA}.Release|Any CPU.Build.0 = Release|Any CPU
		{65F9CBEC-0709-43E6-A794-D967B62F8B44}.Debug|Any CPU.ActiveCfg = Debug|Any CPU
		{65F9CBEC-0709-43E6-A794-D967B62F8B44}.Debug|Any CPU.Build.0 = Debug|Any CPU
		{65F9CBEC-0709-43E6-A794-D967B62F8B44}.Release|Any CPU.ActiveCfg = Release|Any CPU
		{65F9CBEC-0709-43E6-A794-D967B62F8B44}.Release|Any CPU.Build.0 = Release|Any CPU
		{00B9FABD-7329-4C31-AB8A-B72B57A200C6}.Debug|Any CPU.ActiveCfg = Debug|Any CPU
		{00B9FABD-7329-4C31-AB8A-B72B57A200C6}.Debug|Any CPU.Build.0 = Debug|Any CPU
		{00B9FABD-7329-4C31-AB8A-B72B57A200C6}.Release|Any CPU.ActiveCfg = Release|Any CPU
		{00B9FABD-7329-4C31-AB8A-B72B57A200C6}.Release|Any CPU.Build.0 = Release|Any CPU
		{48CB765C-E651-49E8-9C4E-0AD333488DFF}.Debug|Any CPU.ActiveCfg = Debug|Any CPU
		{48CB765C-E651-49E8-9C4E-0AD333488DFF}.Debug|Any CPU.Build.0 = Debug|Any CPU
		{48CB765C-E651-49E8-9C4E-0AD333488DFF}.Release|Any CPU.ActiveCfg = Release|Any CPU
		{48CB765C-E651-49E8-9C4E-0AD333488DFF}.Release|Any CPU.Build.0 = Release|Any CPU
		{7A309ABB-B5A5-4F3B-894E-662BB28AE9EA}.Debug|Any CPU.ActiveCfg = Debug|Any CPU
		{7A309ABB-B5A5-4F3B-894E-662BB28AE9EA}.Debug|Any CPU.Build.0 = Debug|Any CPU
		{7A309ABB-B5A5-4F3B-894E-662BB28AE9EA}.Release|Any CPU.ActiveCfg = Release|Any CPU
		{7A309ABB-B5A5-4F3B-894E-662BB28AE9EA}.Release|Any CPU.Build.0 = Release|Any CPU
	EndGlobalSection
	GlobalSection(SolutionProperties) = preSolution
		HideSolutionNode = FALSE
	EndGlobalSection
	GlobalSection(NestedProjects) = preSolution
		{FD4C1213-F9AD-4CB7-B0DE-77241AE830C8} = {58AD26CB-239C-4269-A6DA-C4241E1F606B}
		{89C8045B-BB56-4F3E-8D88-12726587D04E} = {58AD26CB-239C-4269-A6DA-C4241E1F606B}
		{3371E671-ABDF-47F0-BA26-6E49FDC5ECC1} = {58AD26CB-239C-4269-A6DA-C4241E1F606B}
		{21C3983F-FE83-4710-BB8F-21237277A429} = {58AD26CB-239C-4269-A6DA-C4241E1F606B}
		{57FF6936-4ED2-4FE3-A6A7-5FBB08054128} = {158C9CFC-F882-4026-BE4D-F56AEC0267B9}
		{20F64A61-81C0-42F4-973C-93C49402BAB7} = {158C9CFC-F882-4026-BE4D-F56AEC0267B9}
		{B9311779-58CC-4A4C-B9F1-555D7872E5CE} = {158C9CFC-F882-4026-BE4D-F56AEC0267B9}
		{6234A587-D56A-4E49-8ED4-76E734544EBA} = {158C9CFC-F882-4026-BE4D-F56AEC0267B9}
		{65F9CBEC-0709-43E6-A794-D967B62F8B44} = {01D64BA7-5680-4780-903B-18C44BFFBE41}
		{00B9FABD-7329-4C31-AB8A-B72B57A200C6} = {01D64BA7-5680-4780-903B-18C44BFFBE41}
		{48CB765C-E651-49E8-9C4E-0AD333488DFF} = {01D64BA7-5680-4780-903B-18C44BFFBE41}
		{7A309ABB-B5A5-4F3B-894E-662BB28AE9EA} = {01D64BA7-5680-4780-903B-18C44BFFBE41}
	EndGlobalSection
	GlobalSection(ExtensibilityGlobals) = postSolution
		SolutionGuid = {1AFE4CD0-8037-445A-B6FF-4B302B2DBAF0}
	EndGlobalSection
EndGlobal
